
Microsoft Visual Studio Solution File, Format Version 12.00
# Visual Studio Version 16
VisualStudioVersion = 16.0.30128.74
MinimumVisualStudioVersion = 10.0.40219.1
Project("{FAE04EC0-301F-11D3-BF4B-00C04F79EFBC}") = "DESKTOP", "DESKTOP.csproj", "{3F4BBEB9-B8B8-498C-940D-FA38601F7315}"
EndProject
Global
	GlobalSection(SolutionConfigurationPlatforms) = preSolution
		Debug|Any CPU = Debug|Any CPU
		Release|Any CPU = Release|Any CPU
	EndGlobalSection
	GlobalSection(ProjectConfigurationPlatforms) = postSolution
		{3F4BBEB9-B8B8-498C-940D-FA38601F7315}.Debug|Any CPU.ActiveCfg = Debug|Any CPU
		{3F4BBEB9-B8B8-498C-940D-FA38601F7315}.Debug|Any CPU.Build.0 = Debug|Any CPU
		{3F4BBEB9-B8B8-498C-940D-FA38601F7315}.Release|Any CPU.ActiveCfg = Release|Any CPU
		{3F4BBEB9-B8B8-498C-940D-FA38601F7315}.Release|Any CPU.Build.0 = Release|Any CPU
	EndGlobalSection
	GlobalSection(SolutionProperties) = preSolution
		HideSolutionNode = FALSE
	EndGlobalSection
	GlobalSection(ExtensibilityGlobals) = postSolution
		SolutionGuid = {53F92174-EF4B-49E7-ABCC-E034E1AE5A6E}
	EndGlobalSection
EndGlobal
